
Microsoft Visual Studio Solution File, Format Version 12.00
# Visual Studio Version 17
VisualStudioVersion = 17.10.35201.131
MinimumVisualStudioVersion = 10.0.40219.1
Project("{FAE04EC0-301F-11D3-BF4B-00C04F79EFBC}") = "Benchmarking.Paralell.Vs.Sequential", "Benchmarking.Paralell.Vs.Sequential\Benchmarking.Paralell.Vs.Sequential.csproj", "{308561C8-524E-4FE9-8435-38878E4AC7DC}"
EndProject
Global
	GlobalSection(SolutionConfigurationPlatforms) = preSolution
		Debug|Any CPU = Debug|Any CPU
		Release|Any CPU = Release|Any CPU
	EndGlobalSection
	GlobalSection(ProjectConfigurationPlatforms) = postSolution
		{308561C8-524E-4FE9-8435-38878E4AC7DC}.Debug|Any CPU.ActiveCfg = Debug|Any CPU
		{308561C8-524E-4FE9-8435-38878E4AC7DC}.Debug|Any CPU.Build.0 = Debug|Any CPU
		{308561C8-524E-4FE9-8435-38878E4AC7DC}.Release|Any CPU.ActiveCfg = Release|Any CPU
		{308561C8-524E-4FE9-8435-38878E4AC7DC}.Release|Any CPU.Build.0 = Release|Any CPU
	EndGlobalSection
	GlobalSection(SolutionProperties) = preSolution
		HideSolutionNode = FALSE
	EndGlobalSection
	GlobalSection(ExtensibilityGlobals) = postSolution
		SolutionGuid = {AD526FA1-AF6E-46C9-901F-D87B0B57AE37}
	EndGlobalSection
EndGlobal
